
Microsoft Visual Studio Solution File, Format Version 12.00
# Visual Studio Version 17
VisualStudioVersion = 17.5.002.0
MinimumVisualStudioVersion = 10.0.40219.1
Project("{9A19103F-16F7-4668-BE54-9A1E7A4F7556}") = "tests", "tests\tests.csproj", "{B2E821F5-F260-4277-8A71-AFAD50E3031E}"
EndProject
Project("{9A19103F-16F7-4668-BE54-9A1E7A4F7556}") = "faas-k8s-models", "src\faas-k8s-models.csproj", "{38AE8CCC-7162-4354-921D-3CB6F1CEB7EB}"
EndProject
Global
	GlobalSection(SolutionConfigurationPlatforms) = preSolution
		Debug|Any CPU = Debug|Any CPU
		Release|Any CPU = Release|Any CPU
	EndGlobalSection
	GlobalSection(ProjectConfigurationPlatforms) = postSolution
		{B2E821F5-F260-4277-8A71-AFAD50E3031E}.Debug|Any CPU.ActiveCfg = Debug|Any CPU
		{B2E821F5-F260-4277-8A71-AFAD50E3031E}.Debug|Any CPU.Build.0 = Debug|Any CPU
		{B2E821F5-F260-4277-8A71-AFAD50E3031E}.Release|Any CPU.ActiveCfg = Release|Any CPU
		{B2E821F5-F260-4277-8A71-AFAD50E3031E}.Release|Any CPU.Build.0 = Release|Any CPU
		{38AE8CCC-7162-4354-921D-3CB6F1CEB7EB}.Debug|Any CPU.ActiveCfg = Debug|Any CPU
		{38AE8CCC-7162-4354-921D-3CB6F1CEB7EB}.Debug|Any CPU.Build.0 = Debug|Any CPU
		{38AE8CCC-7162-4354-921D-3CB6F1CEB7EB}.Release|Any CPU.ActiveCfg = Release|Any CPU
		{38AE8CCC-7162-4354-921D-3CB6F1CEB7EB}.Release|Any CPU.Build.0 = Release|Any CPU
	EndGlobalSection
	GlobalSection(SolutionProperties) = preSolution
		HideSolutionNode = FALSE
	EndGlobalSection
	GlobalSection(ExtensibilityGlobals) = postSolution
		SolutionGuid = {6DEACFFE-1113-4BC4-A796-97BC069FA35D}
	EndGlobalSection
EndGlobal
